
Microsoft Visual Studio Solution File, Format Version 12.00
# Visual Studio Version 17
VisualStudioVersion = 17.13.35931.197 d17.13
MinimumVisualStudioVersion = 10.0.40219.1
Project("{888888A0-9F3D-457C-B088-3A5042F75D52}") = "Python_programming_project", "Python_programming_project\Python_programming_project.pyproj", "{5BA1C0CD-005E-421D-9DC6-808E29EFA965}"
EndProject
Global
	GlobalSection(SolutionConfigurationPlatforms) = preSolution
		Debug|Any CPU = Debug|Any CPU
		Release|Any CPU = Release|Any CPU
	EndGlobalSection
	GlobalSection(ProjectConfigurationPlatforms) = postSolution
		{5BA1C0CD-005E-421D-9DC6-808E29EFA965}.Debug|Any CPU.ActiveCfg = Debug|Any CPU
		{5BA1C0CD-005E-421D-9DC6-808E29EFA965}.Release|Any CPU.ActiveCfg = Release|Any CPU
	EndGlobalSection
	GlobalSection(SolutionProperties) = preSolution
		HideSolutionNode = FALSE
	EndGlobalSection
	GlobalSection(ExtensibilityGlobals) = postSolution
		SolutionGuid = {B0D6A990-9C30-4918-B5FD-4BE9184D6CC9}
	EndGlobalSection
EndGlobal
